
Microsoft Visual Studio Solution File, Format Version 12.00
# Visual Studio Version 17
VisualStudioVersion = 17.14.36623.8
MinimumVisualStudioVersion = 10.0.40219.1
Project("{FAE04EC0-301F-11D3-BF4B-00C04F79EFBC}") = "TokenApi", "TokenApi.csproj", "{3FAF4F47-8A0A-46BE-8987-2B304E137D5F}"
EndProject
Project("{FAE04EC0-301F-11D3-BF4B-00C04F79EFBC}") = "Login", "..\Login\Login.csproj", "{5A53B32E-5669-4223-8653-6360B44061DD}"
EndProject
Global
	GlobalSection(SolutionConfigurationPlatforms) = preSolution
		Debug|Any CPU = Debug|Any CPU
		Release|Any CPU = Release|Any CPU
	EndGlobalSection
	GlobalSection(ProjectConfigurationPlatforms) = postSolution
		{3FAF4F47-8A0A-46BE-8987-2B304E137D5F}.Debug|Any CPU.ActiveCfg = Debug|Any CPU
		{3FAF4F47-8A0A-46BE-8987-2B304E137D5F}.Debug|Any CPU.Build.0 = Debug|Any CPU
		{3FAF4F47-8A0A-46BE-8987-2B304E137D5F}.Release|Any CPU.ActiveCfg = Release|Any CPU
		{3FAF4F47-8A0A-46BE-8987-2B304E137D5F}.Release|Any CPU.Build.0 = Release|Any CPU
		{5A53B32E-5669-4223-8653-6360B44061DD}.Debug|Any CPU.ActiveCfg = Debug|Any CPU
		{5A53B32E-5669-4223-8653-6360B44061DD}.Debug|Any CPU.Build.0 = Debug|Any CPU
		{5A53B32E-5669-4223-8653-6360B44061DD}.Release|Any CPU.ActiveCfg = Release|Any CPU
		{5A53B32E-5669-4223-8653-6360B44061DD}.Release|Any CPU.Build.0 = Release|Any CPU
	EndGlobalSection
	GlobalSection(SolutionProperties) = preSolution
		HideSolutionNode = FALSE
	EndGlobalSection
	GlobalSection(ExtensibilityGlobals) = postSolution
		SolutionGuid = {02022C43-CF23-47BF-866F-E54B52B98E15}
	EndGlobalSection
EndGlobal
